
Microsoft Visual Studio Solution File, Format Version 12.00
# Visual Studio 2013
VisualStudioVersion = 12.0.31101.0
MinimumVisualStudioVersion = 10.0.40219.1
Project("{FAE04EC0-301F-11D3-BF4B-00C04F79EFBC}") = "PlaylistGenerator", "PlaylistGenerator.csproj", "{D1653D11-0C8C-43C3-A200-B10F5088009E}"
EndProject
Global
	GlobalSection(SolutionConfigurationPlatforms) = preSolution
		Debug|Any CPU = Debug|Any CPU
		Debug|x64 = Debug|x64
		Release|Any CPU = Release|Any CPU
		Release|x64 = Release|x64
	EndGlobalSection
	GlobalSection(ProjectConfigurationPlatforms) = postSolution
		{D1653D11-0C8C-43C3-A200-B10F5088009E}.Debug|Any CPU.ActiveCfg = Debug|Any CPU
		{D1653D11-0C8C-43C3-A200-B10F5088009E}.Debug|Any CPU.Build.0 = Debug|Any CPU
		{D1653D11-0C8C-43C3-A200-B10F5088009E}.Debug|x64.ActiveCfg = Debug|x64
		{D1653D11-0C8C-43C3-A200-B10F5088009E}.Debug|x64.Build.0 = Debug|x64
		{D1653D11-0C8C-43C3-A200-B10F5088009E}.Release|Any CPU.ActiveCfg = Release|Any CPU
		{D1653D11-0C8C-43C3-A200-B10F5088009E}.Release|Any CPU.Build.0 = Release|Any CPU
		{D1653D11-0C8C-43C3-A200-B10F5088009E}.Release|x64.ActiveCfg = Release|Any CPU
		{D1653D11-0C8C-43C3-A200-B10F5088009E}.Release|x64.Build.0 = Release|Any CPU
	EndGlobalSection
	GlobalSection(SolutionProperties) = preSolution
		HideSolutionNode = FALSE
	EndGlobalSection
EndGlobal
